
Microsoft Visual Studio Solution File, Format Version 12.00
# Visual Studio 14
VisualStudioVersion = 14.0.25420.1
MinimumVisualStudioVersion = 10.0.40219.1
Project("{FAE04EC0-301F-11D3-BF4B-00C04F79EFBC}") = "Store.Android", "Store\Store.Android\Store.Android.csproj", "{AC23D1D4-8EC8-4689-934B-BB0B63EF8D90}"
EndProject
Project("{FAE04EC0-301F-11D3-BF4B-00C04F79EFBC}") = "Store", "Store\Store\Store.csproj", "{0A93BA5A-BC70-485E-9FBC-683D0D7C1FDC}"
EndProject
Project("{FAE04EC0-301F-11D3-BF4B-00C04F79EFBC}") = "Store.UWP", "Store\Store.UWP\Store.UWP.csproj", "{EB1E0D4D-8C26-4073-B686-0AD4FEB675CC}"
EndProject
Project("{FAE04EC0-301F-11D3-BF4B-00C04F79EFBC}") = "Store.iOS", "Store\Store.iOS\Store.iOS.csproj", "{B9A6FF38-6BA2-47C9-BE8D-C51A14B803F6}"
EndProject
Global
	GlobalSection(SolutionConfigurationPlatforms) = preSolution
		Ad-Hoc|Any CPU = Ad-Hoc|Any CPU
		Ad-Hoc|ARM = Ad-Hoc|ARM
		Ad-Hoc|iPhone = Ad-Hoc|iPhone
		Ad-Hoc|iPhoneSimulator = Ad-Hoc|iPhoneSimulator
		Ad-Hoc|x64 = Ad-Hoc|x64
		Ad-Hoc|x86 = Ad-Hoc|x86
		AppStore|Any CPU = AppStore|Any CPU
		AppStore|ARM = AppStore|ARM
		AppStore|iPhone = AppStore|iPhone
		AppStore|iPhoneSimulator = AppStore|iPhoneSimulator
		AppStore|x64 = AppStore|x64
		AppStore|x86 = AppStore|x86
		Debug|Any CPU = Debug|Any CPU
		Debug|ARM = Debug|ARM
		Debug|iPhone = Debug|iPhone
		Debug|iPhoneSimulator = Debug|iPhoneSimulator
		Debug|x64 = Debug|x64
		Debug|x86 = Debug|x86
		Release|Any CPU = Release|Any CPU
		Release|ARM = Release|ARM
		Release|iPhone = Release|iPhone
		Release|iPhoneSimulator = Release|iPhoneSimulator
		Release|x64 = Release|x64
		Release|x86 = Release|x86
	EndGlobalSection
	GlobalSection(ProjectConfigurationPlatforms) = postSolution
		{AC23D1D4-8EC8-4689-934B-BB0B63EF8D90}.Ad-Hoc|Any CPU.ActiveCfg = Release|Any CPU
		{AC23D1D4-8EC8-4689-934B-BB0B63EF8D90}.Ad-Hoc|Any CPU.Build.0 = Release|Any CPU
		{AC23D1D4-8EC8-4689-934B-BB0B63EF8D90}.Ad-Hoc|Any CPU.Deploy.0 = Release|Any CPU
		{AC23D1D4-8EC8-4689-934B-BB0B63EF8D90}.Ad-Hoc|ARM.ActiveCfg = Release|Any CPU
		{AC23D1D4-8EC8-4689-934B-BB0B63EF8D90}.Ad-Hoc|ARM.Build.0 = Release|Any CPU
		{AC23D1D4-8EC8-4689-934B-BB0B63EF8D90}.Ad-Hoc|ARM.Deploy.0 = Release|Any CPU
		{AC23D1D4-8EC8-4689-934B-BB0B63EF8D90}.Ad-Hoc|iPhone.ActiveCfg = Release|Any CPU
		{AC23D1D4-8EC8-4689-934B-BB0B63EF8D90}.Ad-Hoc|iPhone.Build.0 = Release|Any CPU
		{AC23D1D4-8EC8-4689-934B-BB0B63EF8D90}.Ad-Hoc|iPhone.Deploy.0 = Release|Any CPU
		{AC23D1D4-8EC8-4689-934B-BB0B63EF8D90}.Ad-Hoc|iPhoneSimulator.ActiveCfg = Release|Any CPU
		{AC23D1D4-8EC8-4689-934B-BB0B63EF8D90}.Ad-Hoc|iPhoneSimulator.Build.0 = Release|Any CPU
		{AC23D1D4-8EC8-4689-934B-BB0B63EF8D90}.Ad-Hoc|iPhoneSimulator.Deploy.0 = Release|Any CPU
		{AC23D1D4-8EC8-4689-934B-BB0B63EF8D90}.Ad-Hoc|x64.ActiveCfg = Release|Any CPU
		{AC23D1D4-8EC8-4689-934B-BB0B63EF8D90}.Ad-Hoc|x64.Build.0 = Release|Any CPU
		{AC23D1D4-8EC8-4689-934B-BB0B63EF8D90}.Ad-Hoc|x64.Deploy.0 = Release|Any CPU
		{AC23D1D4-8EC8-4689-934B-BB0B63EF8D90}.Ad-Hoc|x86.ActiveCfg = Release|Any CPU
		{AC23D1D4-8EC8-4689-934B-BB0B63EF8D90}.Ad-Hoc|x86.Build.0 = Release|Any CPU
		{AC23D1D4-8EC8-4689-934B-BB0B63EF8D90}.Ad-Hoc|x86.Deploy.0 = Release|Any CPU
		{AC23D1D4-8EC8-4689-934B-BB0B63EF8D90}.AppStore|Any CPU.ActiveCfg = Release|Any CPU
		{AC23D1D4-8EC8-4689-934B-BB0B63EF8D90}.AppStore|Any CPU.Build.0 = Release|Any CPU
		{AC23D1D4-8EC8-4689-934B-BB0B63EF8D90}.AppStore|Any CPU.Deploy.0 = Release|Any CPU
		{AC23D1D4-8EC8-4689-934B-BB0B63EF8D90}.AppStore|ARM.ActiveCfg = Release|Any CPU
		{AC23D1D4-8EC8-4689-934B-BB0B63EF8D90}.AppStore|ARM.Build.0 = Release|Any CPU
		{AC23D1D4-8EC8-4689-934B-BB0B63EF8D90}.AppStore|ARM.Deploy.0 = Release|Any CPU
		{AC23D1D4-8EC8-4689-934B-BB0B63EF8D90}.AppStore|iPhone.ActiveCfg = Release|Any CPU
		{AC23D1D4-8EC8-4689-934B-BB0B63EF8D90}.AppStore|iPhone.Build.0 = Release|Any CPU
		{AC23D1D4-8EC8-4689-934B-BB0B63EF8D90}.AppStore|iPhone.Deploy.0 = Release|Any CPU
		{AC23D1D4-8EC8-4689-934B-BB0B63EF8D90}.AppStore|iPhoneSimulator.ActiveCfg = Release|Any CPU
		{AC23D1D4-8EC8-4689-934B-BB0B63EF8D90}.AppStore|iPhoneSimulator.Build.0 = Release|Any CPU
		{AC23D1D4-8EC8-4689-934B-BB0B63EF8D90}.AppStore|iPhoneSimulator.Deploy.0 = Release|Any CPU
		{AC23D1D4-8EC8-4689-934B-BB0B63EF8D90}.AppStore|x64.ActiveCfg = Release|Any CPU
		{AC23D1D4-8EC8-4689-934B-BB0B63EF8D90}.AppStore|x64.Build.0 = Release|Any CPU
		{AC23D1D4-8EC8-4689-934B-BB0B63EF8D90}.AppStore|x64.Deploy.0 = Release|Any CPU
		{AC23D1D4-8EC8-4689-934B-BB0B63EF8D90}.AppStore|x86.ActiveCfg = Release|Any CPU
		{AC23D1D4-8EC8-4689-934B-BB0B63EF8D90}.AppStore|x86.Build.0 = Release|Any CPU
		{AC23D1D4-8EC8-4689-934B-BB0B63EF8D90}.AppStore|x86.Deploy.0 = Release|Any CPU
		{AC23D1D4-8EC8-4689-934B-BB0B63EF8D90}.Debug|Any CPU.ActiveCfg = Debug|Any CPU
		{AC23D1D4-8EC8-4689-934B-BB0B63EF8D90}.Debug|Any CPU.Build.0 = Debug|Any CPU
		{AC23D1D4-8EC8-4689-934B-BB0B63EF8D90}.Debug|Any CPU.Deploy.0 = Debug|Any CPU
		{AC23D1D4-8EC8-4689-934B-BB0B63EF8D90}.Debug|ARM.ActiveCfg = Debug|Any CPU
		{AC23D1D4-8EC8-4689-934B-BB0B63EF8D90}.Debug|ARM.Build.0 = Debug|Any CPU
		{AC23D1D4-8EC8-4689-934B-BB0B63EF8D90}.Debug|ARM.Deploy.0 = Debug|Any CPU
		{AC23D1D4-8EC8-4689-934B-BB0B63EF8D90}.Debug|iPhone.ActiveCfg = Debug|Any CPU
		{AC23D1D4-8EC8-4689-934B-BB0B63EF8D90}.Debug|iPhone.Build.0 = Debug|Any CPU
		{AC23D1D4-8EC8-4689-934B-BB0B63EF8D90}.Debug|iPhone.Deploy.0 = Debug|Any CPU
		{AC23D1D4-8EC8-4689-934B-BB0B63EF8D90}.Debug|iPhoneSimulator.ActiveCfg = Debug|Any CPU
		{AC23D1D4-8EC8-4689-934B-BB0B63EF8D90}.Debug|iPhoneSimulator.Build.0 = Debug|Any CPU
		{AC23D1D4-8EC8-4689-934B-BB0B63EF8D90}.Debug|iPhoneSimulator.Deploy.0 = Debug|Any CPU
		{AC23D1D4-8EC8-4689-934B-BB0B63EF8D90}.Debug|x64.ActiveCfg = Debug|Any CPU
		{AC23D1D4-8EC8-4689-934B-BB0B63EF8D90}.Debug|x64.Build.0 = Debug|Any CPU
		{AC23D1D4-8EC8-4689-934B-BB0B63EF8D90}.Debug|x64.Deploy.0 = Debug|Any CPU
		{AC23D1D4-8EC8-4689-934B-BB0B63EF8D90}.Debug|x86.ActiveCfg = Debug|Any CPU
		{AC23D1D4-8EC8-4689-934B-BB0B63EF8D90}.Debug|x86.Build.0 = Debug|Any CPU
		{AC23D1D4-8EC8-4689-934B-BB0B63EF8D90}.Debug|x86.Deploy.0 = Debug|Any CPU
		{AC23D1D4-8EC8-4689-934B-BB0B63EF8D90}.Release|Any CPU.ActiveCfg = Release|Any CPU
		{AC23D1D4-8EC8-4689-934B-BB0B63EF8D90}.Release|Any CPU.Build.0 = Release|Any CPU
		{AC23D1D4-8EC8-4689-934B-BB0B63EF8D90}.Release|Any CPU.Deploy.0 = Release|Any CPU
		{AC23D1D4-8EC8-4689-934B-BB0B63EF8D90}.Release|ARM.ActiveCfg = Release|Any CPU
		{AC23D1D4-8EC8-4689-934B-BB0B63EF8D90}.Release|ARM.Build.0 = Release|Any CPU
		{AC23D1D4-8EC8-4689-934B-BB0B63EF8D90}.Release|ARM.Deploy.0 = Release|Any CPU
		{AC23D1D4-8EC8-4689-934B-BB0B63EF8D90}.Release|iPhone.ActiveCfg = Release|Any CPU
		{AC23D1D4-8EC8-4689-934B-BB0B63EF8D90}.Release|iPhone.Build.0 = Release|Any CPU
		{AC23D1D4-8EC8-4689-934B-BB0B63EF8D90}.Release|iPhone.Deploy.0 = Release|Any CPU
		{AC23D1D4-8EC8-4689-934B-BB0B63EF8D90}.Release|iPhoneSimulator.ActiveCfg = Release|Any CPU
		{AC23D1D4-8EC8-4689-934B-BB0B63EF8D90}.Release|iPhoneSimulator.Build.0 = Release|Any CPU
		{AC23D1D4-8EC8-4689-934B-BB0B63EF8D90}.Release|iPhoneSimulator.Deploy.0 = Release|Any CPU
		{AC23D1D4-8EC8-4689-934B-BB0B63EF8D90}.Release|x64.ActiveCfg = Release|Any CPU
		{AC23D1D4-8EC8-4689-934B-BB0B63EF8D90}.Release|x64.Build.0 = Release|Any CPU
		{AC23D1D4-8EC8-4689-934B-BB0B63EF8D90}.Release|x64.Deploy.0 = Release|Any CPU
		{AC23D1D4-8EC8-4689-934B-BB0B63EF8D90}.Release|x86.ActiveCfg = Release|Any CPU
		{AC23D1D4-8EC8-4689-934B-BB0B63EF8D90}.Release|x86.Build.0 = Release|Any CPU
		{AC23D1D4-8EC8-4689-934B-BB0B63EF8D90}.Release|x86.Deploy.0 = Release|Any CPU
		{0A93BA5A-BC70-485E-9FBC-683D0D7C1FDC}.Ad-Hoc|Any CPU.ActiveCfg = Release|Any CPU
		{0A93BA5A-BC70-485E-9FBC-683D0D7C1FDC}.Ad-Hoc|Any CPU.Build.0 = Release|Any CPU
		{0A93BA5A-BC70-485E-9FBC-683D0D7C1FDC}.Ad-Hoc|Any CPU.Deploy.0 = Release|Any CPU
		{0A93BA5A-BC70-485E-9FBC-683D0D7C1FDC}.Ad-Hoc|ARM.ActiveCfg = Release|Any CPU
		{0A93BA5A-BC70-485E-9FBC-683D0D7C1FDC}.Ad-Hoc|ARM.Build.0 = Release|Any CPU
		{0A93BA5A-BC70-485E-9FBC-683D0D7C1FDC}.Ad-Hoc|ARM.Deploy.0 = Release|Any CPU
		{0A93BA5A-BC70-485E-9FBC-683D0D7C1FDC}.Ad-Hoc|iPhone.ActiveCfg = Release|Any CPU
		{0A93BA5A-BC70-485E-9FBC-683D0D7C1FDC}.Ad-Hoc|iPhone.Build.0 = Release|Any CPU
		{0A93BA5A-BC70-485E-9FBC-683D0D7C1FDC}.Ad-Hoc|iPhone.Deploy.0 = Release|Any CPU
		{0A93BA5A-BC70-485E-9FBC-683D0D7C1FDC}.Ad-Hoc|iPhoneSimulator.ActiveCfg = Release|Any CPU
		{0A93BA5A-BC70-485E-9FBC-683D0D7C1FDC}.Ad-Hoc|iPhoneSimulator.Build.0 = Release|Any CPU
		{0A93BA5A-BC70-485E-9FBC-683D0D7C1FDC}.Ad-Hoc|iPhoneSimulator.Deploy.0 = Release|Any CPU
		{0A93BA5A-BC70-485E-9FBC-683D0D7C1FDC}.Ad-Hoc|x64.ActiveCfg = Release|Any CPU
		{0A93BA5A-BC70-485E-9FBC-683D0D7C1FDC}.Ad-Hoc|x64.Build.0 = Release|Any CPU
		{0A93BA5A-BC70-485E-9FBC-683D0D7C1FDC}.Ad-Hoc|x64.Deploy.0 = Release|Any CPU
		{0A93BA5A-BC70-485E-9FBC-683D0D7C1FDC}.Ad-Hoc|x86.ActiveCfg = Release|Any CPU
		{0A93BA5A-BC70-485E-9FBC-683D0D7C1FDC}.Ad-Hoc|x86.Build.0 = Release|Any CPU
		{0A93BA5A-BC70-485E-9FBC-683D0D7C1FDC}.Ad-Hoc|x86.Deploy.0 = Release|Any CPU
		{0A93BA5A-BC70-485E-9FBC-683D0D7C1FDC}.AppStore|Any CPU.ActiveCfg = Release|Any CPU
		{0A93BA5A-BC70-485E-9FBC-683D0D7C1FDC}.AppStore|Any CPU.Build.0 = Release|Any CPU
		{0A93BA5A-BC70-485E-9FBC-683D0D7C1FDC}.AppStore|Any CPU.Deploy.0 = Release|Any CPU
		{0A93BA5A-BC70-485E-9FBC-683D0D7C1FDC}.AppStore|ARM.ActiveCfg = Release|Any CPU
		{0A93BA5A-BC70-485E-9FBC-683D0D7C1FDC}.AppStore|ARM.Build.0 = Release|Any CPU
		{0A93BA5A-BC70-485E-9FBC-683D0D7C1FDC}.AppStore|ARM.Deploy.0 = Release|Any CPU
		{0A93BA5A-BC70-485E-9FBC-683D0D7C1FDC}.AppStore|iPhone.ActiveCfg = Release|Any CPU
		{0A93BA5A-BC70-485E-9FBC-683D0D7C1FDC}.AppStore|iPhone.Build.0 = Release|Any CPU
		{0A93BA5A-BC70-485E-9FBC-683D0D7C1FDC}.AppStore|iPhone.Deploy.0 = Release|Any CPU
		{0A93BA5A-BC70-485E-9FBC-683D0D7C1FDC}.AppStore|iPhoneSimulator.ActiveCfg = Release|Any CPU
		{0A93BA5A-BC70-485E-9FBC-683D0D7C1FDC}.AppStore|iPhoneSimulator.Build.0 = Release|Any CPU
		{0A93BA5A-BC70-485E-9FBC-683D0D7C1FDC}.AppStore|iPhoneSimulator.Deploy.0 = Release|Any CPU
		{0A93BA5A-BC70-485E-9FBC-683D0D7C1FDC}.AppStore|x64.ActiveCfg = Release|Any CPU
		{0A93BA5A-BC70-485E-9FBC-683D0D7C1FDC}.AppStore|x64.Build.0 = Release|Any CPU
		{0A93BA5A-BC70-485E-9FBC-683D0D7C1FDC}.AppStore|x64.Deploy.0 = Release|Any CPU
		{0A93BA5A-BC70-485E-9FBC-683D0D7C1FDC}.AppStore|x86.ActiveCfg = Release|Any CPU
		{0A93BA5A-BC70-485E-9FBC-683D0D7C1FDC}.AppStore|x86.Build.0 = Release|Any CPU
		{0A93BA5A-BC70-485E-9FBC-683D0D7C1FDC}.AppStore|x86.Deploy.0 = Release|Any CPU
		{0A93BA5A-BC70-485E-9FBC-683D0D7C1FDC}.Debug|Any CPU.ActiveCfg = Debug|Any CPU
		{0A93BA5A-BC70-485E-9FBC-683D0D7C1FDC}.Debug|Any CPU.Build.0 = Debug|Any CPU
		{0A93BA5A-BC70-485E-9FBC-683D0D7C1FDC}.Debug|Any CPU.Deploy.0 = Debug|Any CPU
		{0A93BA5A-BC70-485E-9FBC-683D0D7C1FDC}.Debug|ARM.ActiveCfg = Debug|Any CPU
		{0A93BA5A-BC70-485E-9FBC-683D0D7C1FDC}.Debug|ARM.Build.0 = Debug|Any CPU
		{0A93BA5A-BC70-485E-9FBC-683D0D7C1FDC}.Debug|ARM.Deploy.0 = Debug|Any CPU
		{0A93BA5A-BC70-485E-9FBC-683D0D7C1FDC}.Debug|iPhone.ActiveCfg = Debug|Any CPU
		{0A93BA5A-BC70-485E-9FBC-683D0D7C1FDC}.Debug|iPhone.Build.0 = Debug|Any CPU
		{0A93BA5A-BC70-485E-9FBC-683D0D7C1FDC}.Debug|iPhone.Deploy.0 = Debug|Any CPU
		{0A93BA5A-BC70-485E-9FBC-683D0D7C1FDC}.Debug|iPhoneSimulator.ActiveCfg = Debug|Any CPU
		{0A93BA5A-BC70-485E-9FBC-683D0D7C1FDC}.Debug|iPhoneSimulator.Build.0 = Debug|Any CPU
		{0A93BA5A-BC70-485E-9FBC-683D0D7C1FDC}.Debug|iPhoneSimulator.Deploy.0 = Debug|Any CPU
		{0A93BA5A-BC70-485E-9FBC-683D0D7C1FDC}.Debug|x64.ActiveCfg = Debug|Any CPU
		{0A93BA5A-BC70-485E-9FBC-683D0D7C1FDC}.Debug|x64.Build.0 = Debug|Any CPU
		{0A93BA5A-BC70-485E-9FBC-683D0D7C1FDC}.Debug|x64.Deploy.0 = Debug|Any CPU
		{0A93BA5A-BC70-485E-9FBC-683D0D7C1FDC}.Debug|x86.ActiveCfg = Debug|Any CPU
		{0A93BA5A-BC70-485E-9FBC-683D0D7C1FDC}.Debug|x86.Build.0 = Debug|Any CPU
		{0A93BA5A-BC70-485E-9FBC-683D0D7C1FDC}.Debug|x86.Deploy.0 = Debug|Any CPU
		{0A93BA5A-BC70-485E-9FBC-683D0D7C1FDC}.Release|Any CPU.ActiveCfg = Release|Any CPU
		{0A93BA5A-BC70-485E-9FBC-683D0D7C1FDC}.Release|Any CPU.Build.0 = Release|Any CPU
		{0A93BA5A-BC70-485E-9FBC-683D0D7C1FDC}.Release|Any CPU.Deploy.0 = Release|Any CPU
		{0A93BA5A-BC70-485E-9FBC-683D0D7C1FDC}.Release|ARM.ActiveCfg = Release|Any CPU
		{0A93BA5A-BC70-485E-9FBC-683D0D7C1FDC}.Release|ARM.Build.0 = Release|Any CPU
		{0A93BA5A-BC70-485E-9FBC-683D0D7C1FDC}.Release|ARM.Deploy.0 = Release|Any CPU
		{0A93BA5A-BC70-485E-9FBC-683D0D7C1FDC}.Release|iPhone.ActiveCfg = Release|Any CPU
		{0A93BA5A-BC70-485E-9FBC-683D0D7C1FDC}.Release|iPhone.Build.0 = Release|Any CPU
		{0A93BA5A-BC70-485E-9FBC-683D0D7C1FDC}.Release|iPhone.Deploy.0 = Release|Any CPU
		{0A93BA5A-BC70-485E-9FBC-683D0D7C1FDC}.Release|iPhoneSimulator.ActiveCfg = Release|Any CPU
		{0A93BA5A-BC70-485E-9FBC-683D0D7C1FDC}.Release|iPhoneSimulator.Build.0 = Release|Any CPU
		{0A93BA5A-BC70-485E-9FBC-683D0D7C1FDC}.Release|iPhoneSimulator.Deploy.0 = Release|Any CPU
		{0A93BA5A-BC70-485E-9FBC-683D0D7C1FDC}.Release|x64.ActiveCfg = Release|Any CPU
		{0A93BA5A-BC70-485E-9FBC-683D0D7C1FDC}.Release|x64.Build.0 = Release|Any CPU
		{0A93BA5A-BC70-485E-9FBC-683D0D7C1FDC}.Release|x64.Deploy.0 = Release|Any CPU
		{0A93BA5A-BC70-485E-9FBC-683D0D7C1FDC}.Release|x86.ActiveCfg = Release|Any CPU
		{0A93BA5A-BC70-485E-9FBC-683D0D7C1FDC}.Release|x86.Build.0 = Release|Any CPU
		{0A93BA5A-BC70-485E-9FBC-683D0D7C1FDC}.Release|x86.Deploy.0 = Release|Any CPU
		{EB1E0D4D-8C26-4073-B686-0AD4FEB675CC}.Ad-Hoc|Any CPU.ActiveCfg = Release|x86
		{EB1E0D4D-8C26-4073-B686-0AD4FEB675CC}.Ad-Hoc|Any CPU.Build.0 = Release|x86
		{EB1E0D4D-8C26-4073-B686-0AD4FEB675CC}.Ad-Hoc|Any CPU.Deploy.0 = Release|x86
		{EB1E0D4D-8C26-4073-B686-0AD4FEB675CC}.Ad-Hoc|ARM.ActiveCfg = Release|ARM
		{EB1E0D4D-8C26-4073-B686-0AD4FEB675CC}.Ad-Hoc|ARM.Build.0 = Release|ARM
		{EB1E0D4D-8C26-4073-B686-0AD4FEB675CC}.Ad-Hoc|ARM.Deploy.0 = Release|ARM
		{EB1E0D4D-8C26-4073-B686-0AD4FEB675CC}.Ad-Hoc|iPhone.ActiveCfg = Release|x86
		{EB1E0D4D-8C26-4073-B686-0AD4FEB675CC}.Ad-Hoc|iPhone.Build.0 = Release|x86
		{EB1E0D4D-8C26-4073-B686-0AD4FEB675CC}.Ad-Hoc|iPhone.Deploy.0 = Release|x86
		{EB1E0D4D-8C26-4073-B686-0AD4FEB675CC}.Ad-Hoc|iPhoneSimulator.ActiveCfg = Release|x86
		{EB1E0D4D-8C26-4073-B686-0AD4FEB675CC}.Ad-Hoc|iPhoneSimulator.Build.0 = Release|x86
		{EB1E0D4D-8C26-4073-B686-0AD4FEB675CC}.Ad-Hoc|iPhoneSimulator.Deploy.0 = Release|x86
		{EB1E0D4D-8C26-4073-B686-0AD4FEB675CC}.Ad-Hoc|x64.ActiveCfg = Release|x64
		{EB1E0D4D-8C26-4073-B686-0AD4FEB675CC}.Ad-Hoc|x64.Build.0 = Release|x64
		{EB1E0D4D-8C26-4073-B686-0AD4FEB675CC}.Ad-Hoc|x64.Deploy.0 = Release|x64
		{EB1E0D4D-8C26-4073-B686-0AD4FEB675CC}.Ad-Hoc|x86.ActiveCfg = Release|x86
		{EB1E0D4D-8C26-4073-B686-0AD4FEB675CC}.Ad-Hoc|x86.Build.0 = Release|x86
		{EB1E0D4D-8C26-4073-B686-0AD4FEB675CC}.Ad-Hoc|x86.Deploy.0 = Release|x86
		{EB1E0D4D-8C26-4073-B686-0AD4FEB675CC}.AppStore|Any CPU.ActiveCfg = Release|x86
		{EB1E0D4D-8C26-4073-B686-0AD4FEB675CC}.AppStore|Any CPU.Build.0 = Release|x86
		{EB1E0D4D-8C26-4073-B686-0AD4FEB675CC}.AppStore|Any CPU.Deploy.0 = Release|x86
		{EB1E0D4D-8C26-4073-B686-0AD4FEB675CC}.AppStore|ARM.ActiveCfg = Release|ARM
		{EB1E0D4D-8C26-4073-B686-0AD4FEB675CC}.AppStore|ARM.Build.0 = Release|ARM
		{EB1E0D4D-8C26-4073-B686-0AD4FEB675CC}.AppStore|ARM.Deploy.0 = Release|ARM
		{EB1E0D4D-8C26-4073-B686-0AD4FEB675CC}.AppStore|iPhone.ActiveCfg = Release|x86
		{EB1E0D4D-8C26-4073-B686-0AD4FEB675CC}.AppStore|iPhone.Build.0 = Release|x86
		{EB1E0D4D-8C26-4073-B686-0AD4FEB675CC}.AppStore|iPhone.Deploy.0 = Release|x86
		{EB1E0D4D-8C26-4073-B686-0AD4FEB675CC}.AppStore|iPhoneSimulator.ActiveCfg = Release|x86
		{EB1E0D4D-8C26-4073-B686-0AD4FEB675CC}.AppStore|iPhoneSimulator.Build.0 = Release|x86
		{EB1E0D4D-8C26-4073-B686-0AD4FEB675CC}.AppStore|iPhoneSimulator.Deploy.0 = Release|x86
		{EB1E0D4D-8C26-4073-B686-0AD4FEB675CC}.AppStore|x64.ActiveCfg = Release|x64
		{EB1E0D4D-8C26-4073-B686-0AD4FEB675CC}.AppStore|x64.Build.0 = Release|x64
		{EB1E0D4D-8C26-4073-B686-0AD4FEB675CC}.AppStore|x64.Deploy.0 = Release|x64
		{EB1E0D4D-8C26-4073-B686-0AD4FEB675CC}.AppStore|x86.ActiveCfg = Release|x86
		{EB1E0D4D-8C26-4073-B686-0AD4FEB675CC}.AppStore|x86.Build.0 = Release|x86
		{EB1E0D4D-8C26-4073-B686-0AD4FEB675CC}.AppStore|x86.Deploy.0 = Release|x86
		{EB1E0D4D-8C26-4073-B686-0AD4FEB675CC}.Debug|Any CPU.ActiveCfg = Debug|x86
		{EB1E0D4D-8C26-4073-B686-0AD4FEB675CC}.Debug|Any CPU.Build.0 = Debug|x86
		{EB1E0D4D-8C26-4073-B686-0AD4FEB675CC}.Debug|Any CPU.Deploy.0 = Debug|x86
		{EB1E0D4D-8C26-4073-B686-0AD4FEB675CC}.Debug|ARM.ActiveCfg = Debug|ARM
		{EB1E0D4D-8C26-4073-B686-0AD4FEB675CC}.Debug|ARM.Build.0 = Debug|ARM
		{EB1E0D4D-8C26-4073-B686-0AD4FEB675CC}.Debug|ARM.Deploy.0 = Debug|ARM
		{EB1E0D4D-8C26-4073-B686-0AD4FEB675CC}.Debug|iPhone.ActiveCfg = Debug|x86
		{EB1E0D4D-8C26-4073-B686-0AD4FEB675CC}.Debug|iPhone.Build.0 = Debug|x86
		{EB1E0D4D-8C26-4073-B686-0AD4FEB675CC}.Debug|iPhone.Deploy.0 = Debug|x86
		{EB1E0D4D-8C26-4073-B686-0AD4FEB675CC}.Debug|iPhoneSimulator.ActiveCfg = Debug|x86
		{EB1E0D4D-8C26-4073-B686-0AD4FEB675CC}.Debug|iPhoneSimulator.Build.0 = Debug|x86
		{EB1E0D4D-8C26-4073-B686-0AD4FEB675CC}.Debug|iPhoneSimulator.Deploy.0 = Debug|x86
		{EB1E0D4D-8C26-4073-B686-0AD4FEB675CC}.Debug|x64.ActiveCfg = Debug|x64
		{EB1E0D4D-8C26-4073-B686-0AD4FEB675CC}.Debug|x64.Build.0 = Debug|x64
		{EB1E0D4D-8C26-4073-B686-0AD4FEB675CC}.Debug|x64.Deploy.0 = Debug|x64
		{EB1E0D4D-8C26-4073-B686-0AD4FEB675CC}.Debug|x86.ActiveCfg = Debug|x86
		{EB1E0D4D-8C26-4073-B686-0AD4FEB675CC}.Debug|x86.Build.0 = Debug|x86
		{EB1E0D4D-8C26-4073-B686-0AD4FEB675CC}.Debug|x86.Deploy.0 = Debug|x86
		{EB1E0D4D-8C26-4073-B686-0AD4FEB675CC}.Release|Any CPU.ActiveCfg = Release|x86
		{EB1E0D4D-8C26-4073-B686-0AD4FEB675CC}.Release|Any CPU.Build.0 = Release|x86
		{EB1E0D4D-8C26-4073-B686-0AD4FEB675CC}.Release|Any CPU.Deploy.0 = Release|x86
		{EB1E0D4D-8C26-4073-B686-0AD4FEB675CC}.Release|ARM.ActiveCfg = Release|ARM
		{EB1E0D4D-8C26-4073-B686-0AD4FEB675CC}.Release|ARM.Build.0 = Release|ARM
		{EB1E0D4D-8C26-4073-B686-0AD4FEB675CC}.Release|ARM.Deploy.0 = Release|ARM
		{EB1E0D4D-8C26-4073-B686-0AD4FEB675CC}.Release|iPhone.ActiveCfg = Release|x86
		{EB1E0D4D-8C26-4073-B686-0AD4FEB675CC}.Release|iPhone.Build.0 = Release|x86
		{EB1E0D4D-8C26-4073-B686-0AD4FEB675CC}.Release|iPhone.Deploy.0 = Release|x86
		{EB1E0D4D-8C26-4073-B686-0AD4FEB675CC}.Release|iPhoneSimulator.ActiveCfg = Release|x86
		{EB1E0D4D-8C26-4073-B686-0AD4FEB675CC}.Release|iPhoneSimulator.Build.0 = Release|x86
		{EB1E0D4D-8C26-4073-B686-0AD4FEB675CC}.Release|iPhoneSimulator.Deploy.0 = Release|x86
		{EB1E0D4D-8C26-4073-B686-0AD4FEB675CC}.Release|x64.ActiveCfg = Release|x64
		{EB1E0D4D-8C26-4073-B686-0AD4FEB675CC}.Release|x64.Build.0 = Release|x64
		{EB1E0D4D-8C26-4073-B686-0AD4FEB675CC}.Release|x64.Deploy.0 = Release|x64
		{EB1E0D4D-8C26-4073-B686-0AD4FEB675CC}.Release|x86.ActiveCfg = Release|x86
		{EB1E0D4D-8C26-4073-B686-0AD4FEB675CC}.Release|x86.Build.0 = Release|x86
		{EB1E0D4D-8C26-4073-B686-0AD4FEB675CC}.Release|x86.Deploy.0 = Release|x86
		{B9A6FF38-6BA2-47C9-BE8D-C51A14B803F6}.Ad-Hoc|Any CPU.ActiveCfg = Ad-Hoc|iPhone
		{B9A6FF38-6BA2-47C9-BE8D-C51A14B803F6}.Ad-Hoc|Any CPU.Build.0 = Ad-Hoc|iPhone
		{B9A6FF38-6BA2-47C9-BE8D-C51A14B803F6}.Ad-Hoc|Any CPU.Deploy.0 = Ad-Hoc|iPhone
		{B9A6FF38-6BA2-47C9-BE8D-C51A14B803F6}.Ad-Hoc|ARM.ActiveCfg = Ad-Hoc|iPhone
		{B9A6FF38-6BA2-47C9-BE8D-C51A14B803F6}.Ad-Hoc|ARM.Build.0 = Ad-Hoc|iPhone
		{B9A6FF38-6BA2-47C9-BE8D-C51A14B803F6}.Ad-Hoc|ARM.Deploy.0 = Ad-Hoc|iPhone
		{B9A6FF38-6BA2-47C9-BE8D-C51A14B803F6}.Ad-Hoc|iPhone.ActiveCfg = Ad-Hoc|iPhone
		{B9A6FF38-6BA2-47C9-BE8D-C51A14B803F6}.Ad-Hoc|iPhone.Build.0 = Ad-Hoc|iPhone
		{B9A6FF38-6BA2-47C9-BE8D-C51A14B803F6}.Ad-Hoc|iPhone.Deploy.0 = Ad-Hoc|iPhone
		{B9A6FF38-6BA2-47C9-BE8D-C51A14B803F6}.Ad-Hoc|iPhoneSimulator.ActiveCfg = Ad-Hoc|iPhoneSimulator
		{B9A6FF38-6BA2-47C9-BE8D-C51A14B803F6}.Ad-Hoc|iPhoneSimulator.Build.0 = Ad-Hoc|iPhoneSimulator
		{B9A6FF38-6BA2-47C9-BE8D-C51A14B803F6}.Ad-Hoc|iPhoneSimulator.Deploy.0 = Ad-Hoc|iPhoneSimulator
		{B9A6FF38-6BA2-47C9-BE8D-C51A14B803F6}.Ad-Hoc|x64.ActiveCfg = Ad-Hoc|iPhone
		{B9A6FF38-6BA2-47C9-BE8D-C51A14B803F6}.Ad-Hoc|x64.Build.0 = Ad-Hoc|iPhone
		{B9A6FF38-6BA2-47C9-BE8D-C51A14B803F6}.Ad-Hoc|x64.Deploy.0 = Ad-Hoc|iPhone
		{B9A6FF38-6BA2-47C9-BE8D-C51A14B803F6}.Ad-Hoc|x86.ActiveCfg = Ad-Hoc|iPhone
		{B9A6FF38-6BA2-47C9-BE8D-C51A14B803F6}.Ad-Hoc|x86.Build.0 = Ad-Hoc|iPhone
		{B9A6FF38-6BA2-47C9-BE8D-C51A14B803F6}.Ad-Hoc|x86.Deploy.0 = Ad-Hoc|iPhone
		{B9A6FF38-6BA2-47C9-BE8D-C51A14B803F6}.AppStore|Any CPU.ActiveCfg = AppStore|iPhone
		{B9A6FF38-6BA2-47C9-BE8D-C51A14B803F6}.AppStore|Any CPU.Build.0 = AppStore|iPhone
		{B9A6FF38-6BA2-47C9-BE8D-C51A14B803F6}.AppStore|Any CPU.Deploy.0 = AppStore|iPhone
		{B9A6FF38-6BA2-47C9-BE8D-C51A14B803F6}.AppStore|ARM.ActiveCfg = AppStore|iPhone
		{B9A6FF38-6BA2-47C9-BE8D-C51A14B803F6}.AppStore|ARM.Build.0 = AppStore|iPhone
		{B9A6FF38-6BA2-47C9-BE8D-C51A14B803F6}.AppStore|ARM.Deploy.0 = AppStore|iPhone
		{B9A6FF38-6BA2-47C9-BE8D-C51A14B803F6}.AppStore|iPhone.ActiveCfg = AppStore|iPhone
		{B9A6FF38-6BA2-47C9-BE8D-C51A14B803F6}.AppStore|iPhone.Build.0 = AppStore|iPhone
		{B9A6FF38-6BA2-47C9-BE8D-C51A14B803F6}.AppStore|iPhone.Deploy.0 = AppStore|iPhone
		{B9A6FF38-6BA2-47C9-BE8D-C51A14B803F6}.AppStore|iPhoneSimulator.ActiveCfg = AppStore|iPhoneSimulator
		{B9A6FF38-6BA2-47C9-BE8D-C51A14B803F6}.AppStore|iPhoneSimulator.Build.0 = AppStore|iPhoneSimulator
		{B9A6FF38-6BA2-47C9-BE8D-C51A14B803F6}.AppStore|iPhoneSimulator.Deploy.0 = AppStore|iPhoneSimulator
		{B9A6FF38-6BA2-47C9-BE8D-C51A14B803F6}.AppStore|x64.ActiveCfg = AppStore|iPhone
		{B9A6FF38-6BA2-47C9-BE8D-C51A14B803F6}.AppStore|x64.Build.0 = AppStore|iPhone
		{B9A6FF38-6BA2-47C9-BE8D-C51A14B803F6}.AppStore|x64.Deploy.0 = AppStore|iPhone
		{B9A6FF38-6BA2-47C9-BE8D-C51A14B803F6}.AppStore|x86.ActiveCfg = AppStore|iPhone
		{B9A6FF38-6BA2-47C9-BE8D-C51A14B803F6}.AppStore|x86.Build.0 = AppStore|iPhone
		{B9A6FF38-6BA2-47C9-BE8D-C51A14B803F6}.AppStore|x86.Deploy.0 = AppStore|iPhone
		{B9A6FF38-6BA2-47C9-BE8D-C51A14B803F6}.Debug|Any CPU.ActiveCfg = Debug|iPhoneSimulator
		{B9A6FF38-6BA2-47C9-BE8D-C51A14B803F6}.Debug|Any CPU.Build.0 = Debug|iPhoneSimulator
		{B9A6FF38-6BA2-47C9-BE8D-C51A14B803F6}.Debug|Any CPU.Deploy.0 = Debug|iPhoneSimulator
		{B9A6FF38-6BA2-47C9-BE8D-C51A14B803F6}.Debug|ARM.ActiveCfg = Debug|iPhone
		{B9A6FF38-6BA2-47C9-BE8D-C51A14B803F6}.Debug|ARM.Build.0 = Debug|iPhone
		{B9A6FF38-6BA2-47C9-BE8D-C51A14B803F6}.Debug|ARM.Deploy.0 = Debug|iPhone
		{B9A6FF38-6BA2-47C9-BE8D-C51A14B803F6}.Debug|iPhone.ActiveCfg = Debug|iPhone
		{B9A6FF38-6BA2-47C9-BE8D-C51A14B803F6}.Debug|iPhone.Build.0 = Debug|iPhone
		{B9A6FF38-6BA2-47C9-BE8D-C51A14B803F6}.Debug|iPhone.Deploy.0 = Debug|iPhone
		{B9A6FF38-6BA2-47C9-BE8D-C51A14B803F6}.Debug|iPhoneSimulator.ActiveCfg = Debug|iPhoneSimulator
		{B9A6FF38-6BA2-47C9-BE8D-C51A14B803F6}.Debug|iPhoneSimulator.Build.0 = Debug|iPhoneSimulator
		{B9A6FF38-6BA2-47C9-BE8D-C51A14B803F6}.Debug|iPhoneSimulator.Deploy.0 = Debug|iPhoneSimulator
		{B9A6FF38-6BA2-47C9-BE8D-C51A14B803F6}.Debug|x64.ActiveCfg = Debug|iPhone
		{B9A6FF38-6BA2-47C9-BE8D-C51A14B803F6}.Debug|x64.Build.0 = Debug|iPhone
		{B9A6FF38-6BA2-47C9-BE8D-C51A14B803F6}.Debug|x64.Deploy.0 = Debug|iPhone
		{B9A6FF38-6BA2-47C9-BE8D-C51A14B803F6}.Debug|x86.ActiveCfg = Debug|iPhone
		{B9A6FF38-6BA2-47C9-BE8D-C51A14B803F6}.Debug|x86.Build.0 = Debug|iPhone
		{B9A6FF38-6BA2-47C9-BE8D-C51A14B803F6}.Debug|x86.Deploy.0 = Debug|iPhone
		{B9A6FF38-6BA2-47C9-BE8D-C51A14B803F6}.Release|Any CPU.ActiveCfg = Release|iPhone
		{B9A6FF38-6BA2-47C9-BE8D-C51A14B803F6}.Release|Any CPU.Build.0 = Release|iPhone
		{B9A6FF38-6BA2-47C9-BE8D-C51A14B803F6}.Release|Any CPU.Deploy.0 = Release|iPhone
		{B9A6FF38-6BA2-47C9-BE8D-C51A14B803F6}.Release|ARM.ActiveCfg = Release|iPhone
		{B9A6FF38-6BA2-47C9-BE8D-C51A14B803F6}.Release|ARM.Build.0 = Release|iPhone
		{B9A6FF38-6BA2-47C9-BE8D-C51A14B803F6}.Release|ARM.Deploy.0 = Release|iPhone
		{B9A6FF38-6BA2-47C9-BE8D-C51A14B803F6}.Release|iPhone.ActiveCfg = Release|iPhone
		{B9A6FF38-6BA2-47C9-BE8D-C51A14B803F6}.Release|iPhone.Build.0 = Release|iPhone
		{B9A6FF38-6BA2-47C9-BE8D-C51A14B803F6}.Release|iPhone.Deploy.0 = Release|iPhone
		{B9A6FF38-6BA2-47C9-BE8D-C51A14B803F6}.Release|iPhoneSimulator.ActiveCfg = Release|iPhoneSimulator
		{B9A6FF38-6BA2-47C9-BE8D-C51A14B803F6}.Release|iPhoneSimulator.Build.0 = Release|iPhoneSimulator
		{B9A6FF38-6BA2-47C9-BE8D-C51A14B803F6}.Release|iPhoneSimulator.Deploy.0 = Release|iPhoneSimulator
		{B9A6FF38-6BA2-47C9-BE8D-C51A14B803F6}.Release|x64.ActiveCfg = Release|iPhone
		{B9A6FF38-6BA2-47C9-BE8D-C51A14B803F6}.Release|x64.Build.0 = Release|iPhone
		{B9A6FF38-6BA2-47C9-BE8D-C51A14B803F6}.Release|x64.Deploy.0 = Release|iPhone
		{B9A6FF38-6BA2-47C9-BE8D-C51A14B803F6}.Release|x86.ActiveCfg = Release|iPhone
		{B9A6FF38-6BA2-47C9-BE8D-C51A14B803F6}.Release|x86.Build.0 = Release|iPhone
		{B9A6FF38-6BA2-47C9-BE8D-C51A14B803F6}.Release|x86.Deploy.0 = Release|iPhone
	EndGlobalSection
	GlobalSection(SolutionProperties) = preSolution
		HideSolutionNode = FALSE
	EndGlobalSection
EndGlobal
